// !$*UTF8*$!
{
	archiveVersion = 1;
	classes = {
	};
	objectVersion = 46;
	objects = {

/* Begin PBXBuildFile section */
		3A6F8A871F56EB0600F7990D /* AppDelegate.swift in Sources */ = {isa = PBXBuildFile; fileRef = 3A6F8A861F56EB0600F7990D /* AppDelegate.swift */; };
		3A6F8A891F56EB0600F7990D /* ViewController.swift in Sources */ = {isa = PBXBuildFile; fileRef = 3A6F8A881F56EB0600F7990D /* ViewController.swift */; };
		3A6F8A8C1F56EB0600F7990D /* Main.storyboard in Resources */ = {isa = PBXBuildFile; fileRef = 3A6F8A8A1F56EB0600F7990D /* Main.storyboard */; };
		3A6F8A8E1F56EB0600F7990D /* Assets.xcassets in Resources */ = {isa = PBXBuildFile; fileRef = 3A6F8A8D1F56EB0600F7990D /* Assets.xcassets */; };
		3A6F8A911F56EB0600F7990D /* LaunchScreen.storyboard in Resources */ = {isa = PBXBuildFile; fileRef = 3A6F8A8F1F56EB0600F7990D /* LaunchScreen.storyboard */; };
		3AE8FA8D1F56EB4200928A69 /* PickerDialog.swift in Sources */ = {isa = PBXBuildFile; fileRef = 3AE8FA871F56EB4200928A69 /* PickerDialog.swift */; };
		3AE8FA8E1F56EB4200928A69 /* PickerDialog.xib in Resources */ = {isa = PBXBuildFile; fileRef = 3AE8FA881F56EB4200928A69 /* PickerDialog.xib */; };
		3AE8FA8F1F56EB4200928A69 /* CountryPickerDialog.swift in Sources */ = {isa = PBXBuildFile; fileRef = 3AE8FA891F56EB4200928A69 /* CountryPickerDialog.swift */; };
		3AE8FA901F56EB4200928A69 /* DatePickerDialog.swift in Sources */ = {isa = PBXBuildFile; fileRef = 3AE8FA8A1F56EB4200928A69 /* DatePickerDialog.swift */; };
		3AE8FA911F56EB4200928A69 /* ValuePickerDialog.swift in Sources */ = {isa = PBXBuildFile; fileRef = 3AE8FA8B1F56EB4200928A69 /* ValuePickerDialog.swift */; };
		3AE8FA921F56EB4200928A69 /* YearPickerDialog.swift in Sources */ = {isa = PBXBuildFile; fileRef = 3AE8FA8C1F56EB4200928A69 /* YearPickerDialog.swift */; };
/* End PBXBuildFile section */

/* Begin PBXFileReference section */
		3A6F8A831F56EB0600F7990D /* ABPickerDialogDemo.app */ = {isa = PBXFileReference; explicitFileType = wrapper.application; includeInIndex = 0; path = ABPickerDialogDemo.app; sourceTree = BUILT_PRODUCTS_DIR; };
		3A6F8A861F56EB0600F7990D /* AppDelegate.swift */ = {isa = PBXFileReference; lastKnownFileType = sourcecode.swift; path = AppDelegate.swift; sourceTree = "<group>"; };
		3A6F8A881F56EB0600F7990D /* ViewController.swift */ = {isa = PBXFileReference; lastKnownFileType = sourcecode.swift; path = ViewController.swift; sourceTree = "<group>"; };
		3A6F8A8B1F56EB0600F7990D /* Base */ = {isa = PBXFileReference; lastKnownFileType = file.storyboard; name = Base; path = Base.lproj/Main.storyboard; sourceTree = "<group>"; };
		3A6F8A8D1F56EB0600F7990D /* Assets.xcassets */ = {isa = PBXFileReference; lastKnownFileType = folder.assetcatalog; path = Assets.xcassets; sourceTree = "<group>"; };
		3A6F8A901F56EB0600F7990D /* Base */ = {isa = PBXFileReference; lastKnownFileType = file.storyboard; name = Base; path = Base.lproj/LaunchScreen.storyboard; sourceTree = "<group>"; };
		3A6F8A921F56EB0600F7990D /* Info.plist */ = {isa = PBXFileReference; lastKnownFileType = text.plist.xml; path = Info.plist; sourceTree = "<group>"; };
		3AE8FA871F56EB4200928A69 /* PickerDialog.swift */ = {isa = PBXFileReference; fileEncoding = 4; lastKnownFileType = sourcecode.swift; path = PickerDialog.swift; sourceTree = "<group>"; };
		3AE8FA881F56EB4200928A69 /* PickerDialog.xib */ = {isa = PBXFileReference; fileEncoding = 4; lastKnownFileType = file.xib; path = PickerDialog.xib; sourceTree = "<group>"; };
		3AE8FA891F56EB4200928A69 /* CountryPickerDialog.swift */ = {isa = PBXFileReference; fileEncoding = 4; lastKnownFileType = sourcecode.swift; path = CountryPickerDialog.swift; sourceTree = "<group>"; };
		3AE8FA8A1F56EB4200928A69 /* DatePickerDialog.swift */ = {isa = PBXFileReference; fileEncoding = 4; lastKnownFileType = sourcecode.swift; path = DatePickerDialog.swift; sourceTree = "<group>"; };
		3AE8FA8B1F56EB4200928A69 /* ValuePickerDialog.swift */ = {isa = PBXFileReference; fileEncoding = 4; lastKnownFileType = sourcecode.swift; path = ValuePickerDialog.swift; sourceTree = "<group>"; };
		3AE8FA8C1F56EB4200928A69 /* YearPickerDialog.swift */ = {isa = PBXFileReference; fileEncoding = 4; lastKnownFileType = sourcecode.swift; path = YearPickerDialog.swift; sourceTree = "<group>"; };
		5CD1D89852F2643213F9E3E7 /* Pods_ABPickerDialogDemo.framework */ = {isa = PBXFileReference; explicitFileType = wrapper.framework; includeInIndex = 0; path = Pods_ABPickerDialogDemo.framework; sourceTree = BUILT_PRODUCTS_DIR; };
/* End PBXFileReference section */

/* Begin PBXFrameworksBuildPhase section */
		3A6F8A801F56EB0600F7990D /* Frameworks */ = {
			isa = PBXFrameworksBuildPhase;
			buildActionMask = 2147483647;
			files = (
			);
			runOnlyForDeploymentPostprocessing = 0;
		};
/* End PBXFrameworksBuildPhase section */

/* Begin PBXGroup section */
		3A6F8A7A1F56EB0600F7990D = {
			isa = PBXGroup;
			children = (
				3A6F8A851F56EB0600F7990D /* ABPickerDialogDemo */,
				3A6F8A841F56EB0600F7990D /* Products */,
				AA5960539BB866C23766B44C /* Frameworks */,
			);
			sourceTree = "<group>";
		};
		3A6F8A841F56EB0600F7990D /* Products */ = {
			isa = PBXGroup;
			children = (
				3A6F8A831F56EB0600F7990D /* ABPickerDialogDemo.app */,
			);
			name = Products;
			sourceTree = "<group>";
		};
		3A6F8A851F56EB0600F7990D /* ABPickerDialogDemo */ = {
			isa = PBXGroup;
			children = (
				3AE8FA851F56EB4200928A69 /* Source */,
				3A6F8A861F56EB0600F7990D /* AppDelegate.swift */,
				3A6F8A881F56EB0600F7990D /* ViewController.swift */,
				3A6F8A8A1F56EB0600F7990D /* Main.storyboard */,
				3A6F8A8D1F56EB0600F7990D /* Assets.xcassets */,
				3A6F8A8F1F56EB0600F7990D /* LaunchScreen.storyboard */,
				3A6F8A921F56EB0600F7990D /* Info.plist */,
			);
			path = ABPickerDialogDemo;
			sourceTree = "<group>";
		};
		3AE8FA851F56EB4200928A69 /* Source */ = {
			isa = PBXGroup;
			children = (
				3AE8FA861F56EB4200928A69 /* Base */,
				3AE8FA891F56EB4200928A69 /* CountryPickerDialog.swift */,
				3AE8FA8A1F56EB4200928A69 /* DatePickerDialog.swift */,
				3AE8FA8B1F56EB4200928A69 /* ValuePickerDialog.swift */,
				3AE8FA8C1F56EB4200928A69 /* YearPickerDialog.swift */,
			);
			path = Source;
			sourceTree = SOURCE_ROOT;
		};
		3AE8FA861F56EB4200928A69 /* Base */ = {
			isa = PBXGroup;
			children = (
				3AE8FA871F56EB4200928A69 /* PickerDialog.swift */,
				3AE8FA881F56EB4200928A69 /* PickerDialog.xib */,
			);
			path = Base;
			sourceTree = "<group>";
		};
		AA5960539BB866C23766B44C /* Frameworks */ = {
			isa = PBXGroup;
			children = (
				5CD1D89852F2643213F9E3E7 /* Pods_ABPickerDialogDemo.framework */,
			);
			name = Frameworks;
			sourceTree = "<group>";
		};
/* End PBXGroup section */

/* Begin PBXNativeTarget section */
		3A6F8A821F56EB0600F7990D /* ABPickerDialogDemo */ = {
			isa = PBXNativeTarget;
			buildConfigurationList = 3A6F8A951F56EB0600F7990D /* Build configuration list for PBXNativeTarget "ABPickerDialogDemo" */;
			buildPhases = (
				3A6F8A7F1F56EB0600F7990D /* Sources */,
				3A6F8A801F56EB0600F7990D /* Frameworks */,
				3A6F8A811F56EB0600F7990D /* Resources */,
			);
			buildRules = (
			);
			dependencies = (
			);
			name = ABPickerDialogDemo;
			productName = ABPickerDialogDemo;
			productReference = 3A6F8A831F56EB0600F7990D /* ABPickerDialogDemo.app */;
			productType = "com.apple.product-type.application";
		};
/* End PBXNativeTarget section */

/* Begin PBXProject section */
		3A6F8A7B1F56EB0600F7990D /* Project object */ = {
			isa = PBXProject;
			attributes = {
				LastSwiftUpdateCheck = 0830;
				LastUpgradeCheck = 0830;
				ORGANIZATIONNAME = alexburtnik;
				TargetAttributes = {
					3A6F8A821F56EB0600F7990D = {
						CreatedOnToolsVersion = 8.3;
						DevelopmentTeam = 969SL85QUJ;
						ProvisioningStyle = Automatic;
					};
				};
			};
			buildConfigurationList = 3A6F8A7E1F56EB0600F7990D /* Build configuration list for PBXProject "ABPickerDialogDemo" */;
			compatibilityVersion = "Xcode 3.2";
			developmentRegion = English;
			hasScannedForEncodings = 0;
			knownRegions = (
				en,
				Base,
			);
			mainGroup = 3A6F8A7A1F56EB0600F7990D;
			productRefGroup = 3A6F8A841F56EB0600F7990D /* Products */;
			projectDirPath = "";
			projectRoot = "";
			targets = (
				3A6F8A821F56EB0600F7990D /* ABPickerDialogDemo */,
			);
		};
/* End PBXProject section */

/* Begin PBXResourcesBuildPhase section */
		3A6F8A811F56EB0600F7990D /* Resources */ = {
			isa = PBXResourcesBuildPhase;
			buildActionMask = 2147483647;
			files = (
				3A6F8A911F56EB0600F7990D /* LaunchScreen.storyboard in Resources */,
				3A6F8A8E1F56EB0600F7990D /* Assets.xcassets in Resources */,
				3A6F8A8C1F56EB0600F7990D /* Main.storyboard in Resources */,
				3AE8FA8E1F56EB4200928A69 /* PickerDialog.xib in Resources */,
			);
			runOnlyForDeploymentPostprocessing = 0;
		};
/* End PBXResourcesBuildPhase section */

/* Begin PBXSourcesBuildPhase section */
		3A6F8A7F1F56EB0600F7990D /* Sources */ = {
			isa = PBXSourcesBuildPhase;
			buildActionMask = 2147483647;
			files = (
				3A6F8A891F56EB0600F7990D /* ViewController.swift in Sources */,
				3A6F8A871F56EB0600F7990D /* AppDelegate.swift in Sources */,
				3AE8FA8F1F56EB4200928A69 /* CountryPickerDialog.swift in Sources */,
				3AE8FA911F56EB4200928A69 /* ValuePickerDialog.swift in Sources */,
				3AE8FA8D1F56EB4200928A69 /* PickerDialog.swift in Sources */,
				3AE8FA921F56EB4200928A69 /* YearPickerDialog.swift in Sources */,
				3AE8FA901F56EB4200928A69 /* DatePickerDialog.swift in Sources */,
			);
			runOnlyForDeploymentPostprocessing = 0;
		};
/* End PBXSourcesBuildPhase section */

/* Begin PBXVariantGroup section */
		3A6F8A8A1F56EB0600F7990D /* Main.storyboard */ = {
			isa = PBXVariantGroup;
			children = (
				3A6F8A8B1F56EB0600F7990D /* Base */,
			);
			name = Main.storyboard;
			sourceTree = "<group>";
		};
		3A6F8A8F1F56EB0600F7990D /* LaunchScreen.storyboard */ = {
			isa = PBXVariantGroup;
			children = (
				3A6F8A901F56EB0600F7990D /* Base */,
			);
			name = LaunchScreen.storyboard;
			sourceTree = "<group>";
		};
/* End PBXVariantGroup section */

/* Begin XCBuildConfiguration section */
		3A6F8A931F56EB0600F7990D /* Debug */ = {
			isa = XCBuildConfiguration;
			buildSettings = {
				ALWAYS_SEARCH_USER_PATHS = NO;
				CLANG_ANALYZER_NONNULL = YES;
				CLANG_ANALYZER_NUMBER_OBJECT_CONVERSION = YES_AGGRESSIVE;
				CLANG_CXX_LANGUAGE_STANDARD = "gnu++0x";
				CLANG_CXX_LIBRARY = "libc++";
				CLANG_ENABLE_MODULES = YES;
				CLANG_ENABLE_OBJC_ARC = YES;
				CLANG_WARN_BOOL_CONVERSION = YES;
				CLANG_WARN_CONSTANT_CONVERSION = YES;
				CLANG_WARN_DIRECT_OBJC_ISA_USAGE = YES_ERROR;
				CLANG_WARN_DOCUMENTATION_COMMENTS = YES;
				CLANG_WARN_EMPTY_BODY = YES;
				CLANG_WARN_ENUM_CONVERSION = YES;
				CLANG_WARN_INFINITE_RECURSION = YES;
				CLANG_WARN_INT_CONVERSION = YES;
				CLANG_WARN_OBJC_ROOT_CLASS = YES_ERROR;
				CLANG_WARN_SUSPICIOUS_MOVE = YES;
				CLANG_WARN_UNREACHABLE_CODE = YES;
				CLANG_WARN__DUPLICATE_METHOD_MATCH = YES;
				"CODE_SIGN_IDENTITY[sdk=iphoneos*]" = "iPhone Developer";
				COPY_PHASE_STRIP = NO;
				DEBUG_INFORMATION_FORMAT = dwarf;
				ENABLE_STRICT_OBJC_MSGSEND = YES;
				ENABLE_TESTABILITY = YES;
				GCC_C_LANGUAGE_STANDARD = gnu99;
				GCC_DYNAMIC_NO_PIC = NO;
				GCC_NO_COMMON_BLOCKS = YES;
				GCC_OPTIMIZATION_LEVEL = 0;
				GCC_PREPROCESSOR_DEFINITIONS = (
					"DEBUG=1",
					"$(inherited)",
				);
				GCC_WARN_64_TO_32_BIT_CONVERSION = YES;
				GCC_WARN_ABOUT_RETURN_TYPE = YES_ERROR;
				GCC_WARN_UNDECLARED_SELECTOR = YES;
				GCC_WARN_UNINITIALIZED_AUTOS = YES_AGGRESSIVE;
				GCC_WARN_UNUSED_FUNCTION = YES;
				GCC_WARN_UNUSED_VARIABLE = YES;
				IPHONEOS_DEPLOYMENT_TARGET = 10.3;
				MTL_ENABLE_DEBUG_INFO = YES;
				ONLY_ACTIVE_ARCH = YES;
				SDKROOT = iphoneos;
				SWIFT_ACTIVE_COMPILATION_CONDITIONS = DEBUG;
				SWIFT_OPTIMIZATION_LEVEL = "-Onone";
			};
			name = Debug;
		};
		3A6F8A941F56EB0600F7990D /* Release */ = {
			isa = XCBuildConfiguration;
			buildSettings = {
				ALWAYS_SEARCH_USER_PATHS = NO;
				CLANG_ANALYZER_NONNULL = YES;
				CLANG_ANALYZER_NUMBER_OBJECT_CONVERSION = YES_AGGRESSIVE;
				CLANG_CXX_LANGUAGE_STANDARD = "gnu++0x";
				CLANG_CXX_LIBRARY = "libc++";
				CLANG_ENABLE_MODULES = YES;
				CLANG_ENABLE_OBJC_ARC = YES;
				CLANG_WARN_BOOL_CONVERSION = YES;
				CLANG_WARN_CONSTANT_CONVERSION = YES;
				CLANG_WARN_DIRECT_OBJC_ISA_USAGE = YES_ERROR;
				CLANG_WARN_DOCUMENTATION_COMMENTS = YES;
				CLANG_WARN_EMPTY_BODY = YES;
				CLANG_WARN_ENUM_CONVERSION = YES;
				CLANG_WARN_INFINITE_RECURSION = YES;
				CLANG_WARN_INT_CONVERSION = YES;
				CLANG_WARN_OBJC_ROOT_CLASS = YES_ERROR;
				CLANG_WARN_SUSPICIOUS_MOVE = YES;
				CLANG_WARN_UNREACHABLE_CODE = YES;
				CLANG_WARN__DUPLICATE_METHOD_MATCH = YES;
				"CODE_SIGN_IDENTITY[sdk=iphoneos*]" = "iPhone Developer";
				COPY_PHASE_STRIP = NO;
				DEBUG_INFORMATION_FORMAT = "dwarf-with-dsym";
				ENABLE_NS_ASSERTIONS = NO;
				ENABLE_STRICT_OBJC_MSGSEND = YES;
				GCC_C_LANGUAGE_STANDARD = gnu99;
				GCC_NO_COMMON_BLOCKS = YES;
				GCC_WARN_64_TO_32_BIT_CONVERSION = YES;
				GCC_WARN_ABOUT_RETURN_TYPE = YES_ERROR;
				GCC_WARN_UNDECLARED_SELECTOR = YES;
				GCC_WARN_UNINITIALIZED_AUTOS = YES_AGGRESSIVE;
				GCC_WARN_UNUSED_FUNCTION = YES;
				GCC_WARN_UNUSED_VARIABLE = YES;
				IPHONEOS_DEPLOYMENT_TARGET = 10.3;
				MTL_ENABLE_DEBUG_INFO = NO;
				SDKROOT = iphoneos;
				SWIFT_OPTIMIZATION_LEVEL = "-Owholemodule";
				VALIDATE_PRODUCT = YES;
			};
			name = Release;
		};
		3A6F8A961F56EB0600F7990D /* Debug */ = {
			isa = XCBuildConfiguration;
			buildSettings = {
				ASSETCATALOG_COMPILER_APPICON_NAME = AppIcon;
				DEVELOPMENT_TEAM = 969SL85QUJ;
				INFOPLIST_FILE = ABPickerDialogDemo/Info.plist;
				LD_RUNPATH_SEARCH_PATHS = "$(inherited) @executable_path/Frameworks";
				PRODUCT_BUNDLE_IDENTIFIER = alexburtnik.ABPickerDialogDemo;
				PRODUCT_NAME = "$(TARGET_NAME)";
				SWIFT_VERSION = 3.0;
			};
			name = Debug;
		};
		3A6F8A971F56EB0600F7990D /* Release */ = {
			isa = XCBuildConfiguration;
			buildSettings = {
				ASSETCATALOG_COMPILER_APPICON_NAME = AppIcon;
				DEVELOPMENT_TEAM = 969SL85QUJ;
				INFOPLIST_FILE = ABPickerDialogDemo/Info.plist;
				LD_RUNPATH_SEARCH_PATHS = "$(inherited) @executable_path/Frameworks";
				PRODUCT_BUNDLE_IDENTIFIER = alexburtnik.ABPickerDialogDemo;
				PRODUCT_NAME = "$(TARGET_NAME)";
				SWIFT_VERSION = 3.0;
			};
			name = Release;
		};
/* End XCBuildConfiguration section */

/* Begin XCConfigurationList section */
		3A6F8A7E1F56EB0600F7990D /* Build configuration list for PBXProject "ABPickerDialogDemo" */ = {
			isa = XCConfigurationList;
			buildConfigurations = (
				3A6F8A931F56EB0600F7990D /* Debug */,
				3A6F8A941F56EB0600F7990D /* Release */,
			);
			defaultConfigurationIsVisible = 0;
			defaultConfigurationName = Release;
		};
		3A6F8A951F56EB0600F7990D /* Build configuration list for PBXNativeTarget "ABPickerDialogDemo" */ = {
			isa = XCConfigurationList;
			buildConfigurations = (
				3A6F8A961F56EB0600F7990D /* Debug */,
				3A6F8A971F56EB0600F7990D /* Release */,
			);
			defaultConfigurationIsVisible = 0;
			defaultConfigurationName = Release;
		};
/* End XCConfigurationList section */
	};
	rootObject = 3A6F8A7B1F56EB0600F7990D /* Project object */;
}
